
Microsoft Visual Studio Solution File, Format Version 12.00
# Visual Studio 2013
VisualStudioVersion = 12.0.31101.0
MinimumVisualStudioVersion = 10.0.40219.1
Project("{FAE04EC0-301F-11D3-BF4B-00C04F79EFBC}") = "WindowsFormsApplication3", "WindowsFormsApplication3\WindowsFormsApplication3.csproj", "{4285BF7A-E481-48E8-8773-A0B0CAA9765E}"
EndProject
Global
	GlobalSection(SolutionConfigurationPlatforms) = preSolution
		Debug|Any CPU = Debug|Any CPU
		Release|Any CPU = Release|Any CPU
	EndGlobalSection
	GlobalSection(ProjectConfigurationPlatforms) = postSolution
		{4285BF7A-E481-48E8-8773-A0B0CAA9765E}.Debug|Any CPU.ActiveCfg = Debug|Any CPU
		{4285BF7A-E481-48E8-8773-A0B0CAA9765E}.Debug|Any CPU.Build.0 = Debug|Any CPU
		{4285BF7A-E481-48E8-8773-A0B0CAA9765E}.Release|Any CPU.ActiveCfg = Release|Any CPU
		{4285BF7A-E481-48E8-8773-A0B0CAA9765E}.Release|Any CPU.Build.0 = Release|Any CPU
	EndGlobalSection
	GlobalSection(SolutionProperties) = preSolution
		HideSolutionNode = FALSE
	EndGlobalSection
EndGlobal
